
Microsoft Visual Studio Solution File, Format Version 11.00
# Visual Studio 2010
Project("{FAE04EC0-301F-11D3-BF4B-00C04F79EFBC}") = "UnityEngine.TestRunner", "UnityEngine.TestRunner.csproj", "{fb527528-b6b1-7a86-d327-aa139e04ab2c}"
EndProject
Project("{FAE04EC0-301F-11D3-BF4B-00C04F79EFBC}") = "Unity.VisualScripting.Flow", "Unity.VisualScripting.Flow.csproj", "{4e480350-7ce9-d7f4-c33a-498864f05b71}"
EndProject
Project("{FAE04EC0-301F-11D3-BF4B-00C04F79EFBC}") = "Unity.Mathematics", "Unity.Mathematics.csproj", "{dbcfca78-8b8a-4cca-a1c0-10214c9d512f}"
EndProject
Project("{FAE04EC0-301F-11D3-BF4B-00C04F79EFBC}") = "Unity.InputSystem", "Unity.InputSystem.csproj", "{a4ae04e9-3795-726d-c54f-1ec1eb2f9278}"
EndProject
Project("{FAE04EC0-301F-11D3-BF4B-00C04F79EFBC}") = "Unity.VisualScripting.State", "Unity.VisualScripting.State.csproj", "{32bdb637-a444-fa37-57e6-25e11c030d00}"
EndProject
Project("{FAE04EC0-301F-11D3-BF4B-00C04F79EFBC}") = "Unity.VisualScripting.Core", "Unity.VisualScripting.Core.csproj", "{f9886d1c-d7f9-4623-be8c-236257aa3e32}"
EndProject
Project("{FAE04EC0-301F-11D3-BF4B-00C04F79EFBC}") = "Unity.Burst", "Unity.Burst.csproj", "{e257c54a-2b65-9785-1448-9f417aff3ada}"
EndProject
Project("{FAE04EC0-301F-11D3-BF4B-00C04F79EFBC}") = "Unity.2D.Animation.Runtime", "Unity.2D.Animation.Runtime.csproj", "{c97ddfec-5a54-3898-c074-b845a4d4d291}"
EndProject
Project("{FAE04EC0-301F-11D3-BF4B-00C04F79EFBC}") = "Unity.TextMeshPro", "Unity.TextMeshPro.csproj", "{855eb12e-06c9-f2e8-2f69-a88105bab955}"
EndProject
Project("{FAE04EC0-301F-11D3-BF4B-00C04F79EFBC}") = "Cinemachine", "Cinemachine.csproj", "{c5457e9f-9e2c-93f7-e757-84f28574b8e6}"
EndProject
Project("{FAE04EC0-301F-11D3-BF4B-00C04F79EFBC}") = "Unity.Timeline", "Unity.Timeline.csproj", "{86fd2ae1-6242-0590-5e6c-3edac5b7fe76}"
EndProject
Project("{FAE04EC0-301F-11D3-BF4B-00C04F79EFBC}") = "Unity.2D.SpriteShape.Runtime", "Unity.2D.SpriteShape.Runtime.csproj", "{16890efa-a955-fb4f-77ac-33ed384fbddd}"
EndProject
Project("{FAE04EC0-301F-11D3-BF4B-00C04F79EFBC}") = "Unity.2D.PixelPerfect", "Unity.2D.PixelPerfect.csproj", "{4e839eac-01d5-4a86-cebb-debcb4e95c2f}"
EndProject
Project("{FAE04EC0-301F-11D3-BF4B-00C04F79EFBC}") = "Unity.2D.Common.Runtime", "Unity.2D.Common.Runtime.csproj", "{de93260b-9389-3c79-b6f8-a7b534353548}"
EndProject
Project("{FAE04EC0-301F-11D3-BF4B-00C04F79EFBC}") = "Unity.2D.IK.Runtime", "Unity.2D.IK.Runtime.csproj", "{37e29e2b-491b-f85b-cb5a-bf201dddb226}"
EndProject
Project("{FAE04EC0-301F-11D3-BF4B-00C04F79EFBC}") = "Unity.2D.Tilemap.Extras", "Unity.2D.Tilemap.Extras.csproj", "{d15c9bb7-4c7f-b316-5b03-12766fb4103e}"
EndProject
Project("{FAE04EC0-301F-11D3-BF4B-00C04F79EFBC}") = "Unity.InputSystem.TestFramework", "Unity.InputSystem.TestFramework.csproj", "{c9d51fa2-4385-3456-5b55-f91c3dd9088e}"
EndProject
Project("{FAE04EC0-301F-11D3-BF4B-00C04F79EFBC}") = "Assembly-CSharp", "Assembly-CSharp.csproj", "{f5721777-6f4a-96bc-afa5-ccf89a60abdf}"
EndProject
Project("{FAE04EC0-301F-11D3-BF4B-00C04F79EFBC}") = "Unity.InternalAPIEngineBridge.001", "Unity.InternalAPIEngineBridge.001.csproj", "{415567ce-08de-dc21-e774-9c88f14fcdec}"
EndProject
Project("{FAE04EC0-301F-11D3-BF4B-00C04F79EFBC}") = "Unity.PlasticSCM.Editor", "Unity.PlasticSCM.Editor.csproj", "{7dff43fe-f341-164e-35e6-8244c81a5316}"
EndProject
Project("{FAE04EC0-301F-11D3-BF4B-00C04F79EFBC}") = "Unity.VisualScripting.Core.Editor", "Unity.VisualScripting.Core.Editor.csproj", "{f1184b17-e04d-5b71-c016-450184a221ec}"
EndProject
Project("{FAE04EC0-301F-11D3-BF4B-00C04F79EFBC}") = "Unity.VisualScripting.Flow.Editor", "Unity.VisualScripting.Flow.Editor.csproj", "{a5155d3d-8683-ac34-0553-e18e2e34356d}"
EndProject
Project("{FAE04EC0-301F-11D3-BF4B-00C04F79EFBC}") = "Unity.VisualStudio.Editor", "Unity.VisualStudio.Editor.csproj", "{15d1a565-c6f9-7c94-0908-e17723c0dd08}"
EndProject
Project("{FAE04EC0-301F-11D3-BF4B-00C04F79EFBC}") = "Unity.Timeline.Editor", "Unity.Timeline.Editor.csproj", "{b749d6a5-c01d-d184-8503-9aa14e014c6e}"
EndProject
Project("{FAE04EC0-301F-11D3-BF4B-00C04F79EFBC}") = "com.unity.cinemachine.editor", "com.unity.cinemachine.editor.csproj", "{d0cba9f8-2524-865f-abb1-184a3b71162c}"
EndProject
Project("{FAE04EC0-301F-11D3-BF4B-00C04F79EFBC}") = "Unity.VisualScripting.State.Editor", "Unity.VisualScripting.State.Editor.csproj", "{0d4a79f0-95e8-5fc1-5946-ae27b630b2c3}"
EndProject
Project("{FAE04EC0-301F-11D3-BF4B-00C04F79EFBC}") = "Unity.TextMeshPro.Editor", "Unity.TextMeshPro.Editor.csproj", "{232f2480-cbc0-6332-e6d2-14ba8317e922}"
EndProject
Project("{FAE04EC0-301F-11D3-BF4B-00C04F79EFBC}") = "Unity.2D.PixelPerfect.Editor", "Unity.2D.PixelPerfect.Editor.csproj", "{b30cc6e2-fbaa-3486-9772-4c979a46479a}"
EndProject
Project("{FAE04EC0-301F-11D3-BF4B-00C04F79EFBC}") = "Unity.2D.Animation.Editor", "Unity.2D.Animation.Editor.csproj", "{14aa2d2d-5791-4e98-0a77-3a47e0060984}"
EndProject
Project("{FAE04EC0-301F-11D3-BF4B-00C04F79EFBC}") = "Unity.VisualScripting.SettingsProvider.Editor", "Unity.VisualScripting.SettingsProvider.Editor.csproj", "{0a6eae65-6c75-67fe-ca94-ccc8f35a1537}"
EndProject
Project("{FAE04EC0-301F-11D3-BF4B-00C04F79EFBC}") = "Unity.2D.Psdimporter.Editor", "Unity.2D.Psdimporter.Editor.csproj", "{0ad2ffd0-bbad-fde3-9ab8-df9f39eece93}"
EndProject
Project("{FAE04EC0-301F-11D3-BF4B-00C04F79EFBC}") = "UnityEditor.TestRunner", "UnityEditor.TestRunner.csproj", "{327e8959-7354-bb0f-de19-1e5cf768e45f}"
EndProject
Project("{FAE04EC0-301F-11D3-BF4B-00C04F79EFBC}") = "Unity.Rider.Editor", "Unity.Rider.Editor.csproj", "{4c9d5e90-d09d-4571-7f80-f6395e050cc8}"
EndProject
Project("{FAE04EC0-301F-11D3-BF4B-00C04F79EFBC}") = "Unity.2D.Path.Editor", "Unity.2D.Path.Editor.csproj", "{19da2726-1319-212a-6683-38be82ff88a1}"
EndProject
Project("{FAE04EC0-301F-11D3-BF4B-00C04F79EFBC}") = "PsdPlugin", "PsdPlugin.csproj", "{1d8068ec-0690-d48d-8ece-44fcd2d06b9e}"
EndProject
Project("{FAE04EC0-301F-11D3-BF4B-00C04F79EFBC}") = "Unity.2D.IK.Editor", "Unity.2D.IK.Editor.csproj", "{2f6d8264-c27b-59ff-a0f6-fab5764a9f91}"
EndProject
Project("{FAE04EC0-301F-11D3-BF4B-00C04F79EFBC}") = "Unity.2D.SpriteShape.Editor", "Unity.2D.SpriteShape.Editor.csproj", "{de6d4682-e881-702c-0a5c-e3455f321c1e}"
EndProject
Project("{FAE04EC0-301F-11D3-BF4B-00C04F79EFBC}") = "Unity.Burst.CodeGen", "Unity.Burst.CodeGen.csproj", "{75a7919d-00ad-a6cd-cd3c-4632672200dc}"
EndProject
Project("{FAE04EC0-301F-11D3-BF4B-00C04F79EFBC}") = "Unity.VSCode.Editor", "Unity.VSCode.Editor.csproj", "{3e721c93-e1f6-e3e8-3089-75ea78737561}"
EndProject
Project("{FAE04EC0-301F-11D3-BF4B-00C04F79EFBC}") = "Unity.2D.Common.Editor", "Unity.2D.Common.Editor.csproj", "{093b452d-688a-eac8-10f5-4c063dfd04c7}"
EndProject
Project("{FAE04EC0-301F-11D3-BF4B-00C04F79EFBC}") = "Unity.CollabProxy.Editor", "Unity.CollabProxy.Editor.csproj", "{585ff49c-74fc-970d-25e9-a9433514a80e}"
EndProject
Project("{FAE04EC0-301F-11D3-BF4B-00C04F79EFBC}") = "Unity.Mathematics.Editor", "Unity.Mathematics.Editor.csproj", "{b261ca3a-72f1-078a-4c68-0b986ba86b29}"
EndProject
Project("{FAE04EC0-301F-11D3-BF4B-00C04F79EFBC}") = "Unity.2D.Tilemap.Extras.Editor", "Unity.2D.Tilemap.Extras.Editor.csproj", "{eb0aa588-67d8-430d-b759-c6bc227df3ef}"
EndProject
Project("{FAE04EC0-301F-11D3-BF4B-00C04F79EFBC}") = "Unity.Burst.Editor", "Unity.Burst.Editor.csproj", "{36974262-741b-c348-6caf-4c17ab86d03c}"
EndProject
Project("{FAE04EC0-301F-11D3-BF4B-00C04F79EFBC}") = "Unity.InternalAPIEditorBridge.001", "Unity.InternalAPIEditorBridge.001.csproj", "{401081dd-e508-e6d2-71e8-81399cadec54}"
EndProject
Project("{FAE04EC0-301F-11D3-BF4B-00C04F79EFBC}") = "Unity.VisualScripting.Shared.Editor", "Unity.VisualScripting.Shared.Editor.csproj", "{65893b3c-1a1c-b906-5618-70d9d016a3eb}"
EndProject
Project("{FAE04EC0-301F-11D3-BF4B-00C04F79EFBC}") = "Unity.Burst.Tests.UnitTests", "Unity.Burst.Tests.UnitTests.csproj", "{933e8ff3-877b-2cbe-6b1d-7cfc7bba7301}"
EndProject
Project("{FAE04EC0-301F-11D3-BF4B-00C04F79EFBC}") = "Unity.Mathematics.Tests", "Unity.Mathematics.Tests.csproj", "{4d2de7d4-41fd-7433-b440-f0a40e628b12}"
EndProject
Project("{FAE04EC0-301F-11D3-BF4B-00C04F79EFBC}") = "Unity.TextMeshPro.Tests", "Unity.TextMeshPro.Tests.csproj", "{94276f28-e24b-c15e-7623-698ef24bc4d7}"
EndProject
Project("{FAE04EC0-301F-11D3-BF4B-00C04F79EFBC}") = "Unity.2D.Path.Tests", "Unity.2D.Path.Tests.csproj", "{0061d9da-4a39-a026-a8e1-116e974fb29e}"
EndProject
Project("{FAE04EC0-301F-11D3-BF4B-00C04F79EFBC}") = "Unity.2D.PixelPerfect.EditorTests", "Unity.2D.PixelPerfect.EditorTests.csproj", "{6f79a030-cf73-fa7c-7e5b-6a5493a475e4}"
EndProject
Project("{FAE04EC0-301F-11D3-BF4B-00C04F79EFBC}") = "Unity.Burst.Editor.Tests", "Unity.Burst.Editor.Tests.csproj", "{30e8db24-1c8b-ef14-8261-5e0bbc4ebd22}"
EndProject
Project("{FAE04EC0-301F-11D3-BF4B-00C04F79EFBC}") = "Unity.2D.SpriteShape.EditorTests", "Unity.2D.SpriteShape.EditorTests.csproj", "{1d309018-6b38-31a9-3e03-7249091f5ca3}"
EndProject
Project("{FAE04EC0-301F-11D3-BF4B-00C04F79EFBC}") = "Unity.2D.Common.EditorTests", "Unity.2D.Common.EditorTests.csproj", "{3eeb5c87-c06c-42fa-f40e-b057cff23d2e}"
EndProject
Project("{FAE04EC0-301F-11D3-BF4B-00C04F79EFBC}") = "Unity.2D.Psdimporter.EditorTests", "Unity.2D.Psdimporter.EditorTests.csproj", "{1b0e6c15-1274-fdb9-ead1-f3d37bfea05a}"
EndProject
Project("{FAE04EC0-301F-11D3-BF4B-00C04F79EFBC}") = "DocCodeExamples", "DocCodeExamples.csproj", "{35adb04e-eba4-d43a-a294-9c9f07eb6e05}"
EndProject
Project("{FAE04EC0-301F-11D3-BF4B-00C04F79EFBC}") = "Unity.TextMeshPro.Editor.Tests", "Unity.TextMeshPro.Editor.Tests.csproj", "{412bd132-0a7d-fba3-3e1b-a528d7c10aec}"
EndProject
Project("{FAE04EC0-301F-11D3-BF4B-00C04F79EFBC}") = "Unity.InputSystem.IntegrationTests", "Unity.InputSystem.IntegrationTests.csproj", "{506d8afc-9a07-abbd-7f62-decc678a20c3}"
EndProject
Project("{FAE04EC0-301F-11D3-BF4B-00C04F79EFBC}") = "com.unity.cinemachine.EditorTests", "com.unity.cinemachine.EditorTests.csproj", "{73d2061f-168b-6c3c-7567-93408e3ee9f0}"
EndProject
Project("{FAE04EC0-301F-11D3-BF4B-00C04F79EFBC}") = "Unity.2D.Tilemap.Extras.Placeholder.EditorTests", "Unity.2D.Tilemap.Extras.Placeholder.EditorTests.csproj", "{a9aea657-d41d-bd4d-e041-8a173b749247}"
EndProject
Project("{FAE04EC0-301F-11D3-BF4B-00C04F79EFBC}") = "Unity.2D.Animation.EditorTests", "Unity.2D.Animation.EditorTests.csproj", "{a53b8963-5762-f8ff-76ec-268feb85a10a}"
EndProject
Project("{FAE04EC0-301F-11D3-BF4B-00C04F79EFBC}") = "SeparateAssembly", "SeparateAssembly.csproj", "{44592e88-ddec-b129-2498-ca38ab07bb39}"
EndProject
Project("{FAE04EC0-301F-11D3-BF4B-00C04F79EFBC}") = "com.unity.cinemachine.Tests", "com.unity.cinemachine.Tests.csproj", "{efbf339d-7ba6-1b78-9fc8-23ec82e7ba01}"
EndProject
Global
	GlobalSection(SolutionConfigurationPlatforms) = preSolution
		Debug|Any CPU = Debug|Any CPU
	EndGlobalSection
	GlobalSection(ProjectConfigurationPlatforms) = postSolution
		{fb527528-b6b1-7a86-d327-aa139e04ab2c}.Debug|Any CPU.ActiveCfg = Debug|Any CPU
		{fb527528-b6b1-7a86-d327-aa139e04ab2c}.Debug|Any CPU.Build.0 = Debug|Any CPU
		{4e480350-7ce9-d7f4-c33a-498864f05b71}.Debug|Any CPU.ActiveCfg = Debug|Any CPU
		{4e480350-7ce9-d7f4-c33a-498864f05b71}.Debug|Any CPU.Build.0 = Debug|Any CPU
		{dbcfca78-8b8a-4cca-a1c0-10214c9d512f}.Debug|Any CPU.ActiveCfg = Debug|Any CPU
		{dbcfca78-8b8a-4cca-a1c0-10214c9d512f}.Debug|Any CPU.Build.0 = Debug|Any CPU
		{a4ae04e9-3795-726d-c54f-1ec1eb2f9278}.Debug|Any CPU.ActiveCfg = Debug|Any CPU
		{a4ae04e9-3795-726d-c54f-1ec1eb2f9278}.Debug|Any CPU.Build.0 = Debug|Any CPU
		{32bdb637-a444-fa37-57e6-25e11c030d00}.Debug|Any CPU.ActiveCfg = Debug|Any CPU
		{32bdb637-a444-fa37-57e6-25e11c030d00}.Debug|Any CPU.Build.0 = Debug|Any CPU
		{f9886d1c-d7f9-4623-be8c-236257aa3e32}.Debug|Any CPU.ActiveCfg = Debug|Any CPU
		{f9886d1c-d7f9-4623-be8c-236257aa3e32}.Debug|Any CPU.Build.0 = Debug|Any CPU
		{e257c54a-2b65-9785-1448-9f417aff3ada}.Debug|Any CPU.ActiveCfg = Debug|Any CPU
		{e257c54a-2b65-9785-1448-9f417aff3ada}.Debug|Any CPU.Build.0 = Debug|Any CPU
		{c97ddfec-5a54-3898-c074-b845a4d4d291}.Debug|Any CPU.ActiveCfg = Debug|Any CPU
		{c97ddfec-5a54-3898-c074-b845a4d4d291}.Debug|Any CPU.Build.0 = Debug|Any CPU
		{855eb12e-06c9-f2e8-2f69-a88105bab955}.Debug|Any CPU.ActiveCfg = Debug|Any CPU
		{855eb12e-06c9-f2e8-2f69-a88105bab955}.Debug|Any CPU.Build.0 = Debug|Any CPU
		{c5457e9f-9e2c-93f7-e757-84f28574b8e6}.Debug|Any CPU.ActiveCfg = Debug|Any CPU
		{c5457e9f-9e2c-93f7-e757-84f28574b8e6}.Debug|Any CPU.Build.0 = Debug|Any CPU
		{86fd2ae1-6242-0590-5e6c-3edac5b7fe76}.Debug|Any CPU.ActiveCfg = Debug|Any CPU
		{86fd2ae1-6242-0590-5e6c-3edac5b7fe76}.Debug|Any CPU.Build.0 = Debug|Any CPU
		{16890efa-a955-fb4f-77ac-33ed384fbddd}.Debug|Any CPU.ActiveCfg = Debug|Any CPU
		{16890efa-a955-fb4f-77ac-33ed384fbddd}.Debug|Any CPU.Build.0 = Debug|Any CPU
		{4e839eac-01d5-4a86-cebb-debcb4e95c2f}.Debug|Any CPU.ActiveCfg = Debug|Any CPU
		{4e839eac-01d5-4a86-cebb-debcb4e95c2f}.Debug|Any CPU.Build.0 = Debug|Any CPU
		{de93260b-9389-3c79-b6f8-a7b534353548}.Debug|Any CPU.ActiveCfg = Debug|Any CPU
		{de93260b-9389-3c79-b6f8-a7b534353548}.Debug|Any CPU.Build.0 = Debug|Any CPU
		{37e29e2b-491b-f85b-cb5a-bf201dddb226}.Debug|Any CPU.ActiveCfg = Debug|Any CPU
		{37e29e2b-491b-f85b-cb5a-bf201dddb226}.Debug|Any CPU.Build.0 = Debug|Any CPU
		{d15c9bb7-4c7f-b316-5b03-12766fb4103e}.Debug|Any CPU.ActiveCfg = Debug|Any CPU
		{d15c9bb7-4c7f-b316-5b03-12766fb4103e}.Debug|Any CPU.Build.0 = Debug|Any CPU
		{c9d51fa2-4385-3456-5b55-f91c3dd9088e}.Debug|Any CPU.ActiveCfg = Debug|Any CPU
		{c9d51fa2-4385-3456-5b55-f91c3dd9088e}.Debug|Any CPU.Build.0 = Debug|Any CPU
		{f5721777-6f4a-96bc-afa5-ccf89a60abdf}.Debug|Any CPU.ActiveCfg = Debug|Any CPU
		{f5721777-6f4a-96bc-afa5-ccf89a60abdf}.Debug|Any CPU.Build.0 = Debug|Any CPU
		{415567ce-08de-dc21-e774-9c88f14fcdec}.Debug|Any CPU.ActiveCfg = Debug|Any CPU
		{415567ce-08de-dc21-e774-9c88f14fcdec}.Debug|Any CPU.Build.0 = Debug|Any CPU
		{7dff43fe-f341-164e-35e6-8244c81a5316}.Debug|Any CPU.ActiveCfg = Debug|Any CPU
		{7dff43fe-f341-164e-35e6-8244c81a5316}.Debug|Any CPU.Build.0 = Debug|Any CPU
		{f1184b17-e04d-5b71-c016-450184a221ec}.Debug|Any CPU.ActiveCfg = Debug|Any CPU
		{f1184b17-e04d-5b71-c016-450184a221ec}.Debug|Any CPU.Build.0 = Debug|Any CPU
		{a5155d3d-8683-ac34-0553-e18e2e34356d}.Debug|Any CPU.ActiveCfg = Debug|Any CPU
		{a5155d3d-8683-ac34-0553-e18e2e34356d}.Debug|Any CPU.Build.0 = Debug|Any CPU
		{15d1a565-c6f9-7c94-0908-e17723c0dd08}.Debug|Any CPU.ActiveCfg = Debug|Any CPU
		{15d1a565-c6f9-7c94-0908-e17723c0dd08}.Debug|Any CPU.Build.0 = Debug|Any CPU
		{b749d6a5-c01d-d184-8503-9aa14e014c6e}.Debug|Any CPU.ActiveCfg = Debug|Any CPU
		{b749d6a5-c01d-d184-8503-9aa14e014c6e}.Debug|Any CPU.Build.0 = Debug|Any CPU
		{d0cba9f8-2524-865f-abb1-184a3b71162c}.Debug|Any CPU.ActiveCfg = Debug|Any CPU
		{d0cba9f8-2524-865f-abb1-184a3b71162c}.Debug|Any CPU.Build.0 = Debug|Any CPU
		{0d4a79f0-95e8-5fc1-5946-ae27b630b2c3}.Debug|Any CPU.ActiveCfg = Debug|Any CPU
		{0d4a79f0-95e8-5fc1-5946-ae27b630b2c3}.Debug|Any CPU.Build.0 = Debug|Any CPU
		{232f2480-cbc0-6332-e6d2-14ba8317e922}.Debug|Any CPU.ActiveCfg = Debug|Any CPU
		{232f2480-cbc0-6332-e6d2-14ba8317e922}.Debug|Any CPU.Build.0 = Debug|Any CPU
		{b30cc6e2-fbaa-3486-9772-4c979a46479a}.Debug|Any CPU.ActiveCfg = Debug|Any CPU
		{b30cc6e2-fbaa-3486-9772-4c979a46479a}.Debug|Any CPU.Build.0 = Debug|Any CPU
		{14aa2d2d-5791-4e98-0a77-3a47e0060984}.Debug|Any CPU.ActiveCfg = Debug|Any CPU
		{14aa2d2d-5791-4e98-0a77-3a47e0060984}.Debug|Any CPU.Build.0 = Debug|Any CPU
		{0a6eae65-6c75-67fe-ca94-ccc8f35a1537}.Debug|Any CPU.ActiveCfg = Debug|Any CPU
		{0a6eae65-6c75-67fe-ca94-ccc8f35a1537}.Debug|Any CPU.Build.0 = Debug|Any CPU
		{0ad2ffd0-bbad-fde3-9ab8-df9f39eece93}.Debug|Any CPU.ActiveCfg = Debug|Any CPU
		{0ad2ffd0-bbad-fde3-9ab8-df9f39eece93}.Debug|Any CPU.Build.0 = Debug|Any CPU
		{327e8959-7354-bb0f-de19-1e5cf768e45f}.Debug|Any CPU.ActiveCfg = Debug|Any CPU
		{327e8959-7354-bb0f-de19-1e5cf768e45f}.Debug|Any CPU.Build.0 = Debug|Any CPU
		{4c9d5e90-d09d-4571-7f80-f6395e050cc8}.Debug|Any CPU.ActiveCfg = Debug|Any CPU
		{4c9d5e90-d09d-4571-7f80-f6395e050cc8}.Debug|Any CPU.Build.0 = Debug|Any CPU
		{19da2726-1319-212a-6683-38be82ff88a1}.Debug|Any CPU.ActiveCfg = Debug|Any CPU
		{19da2726-1319-212a-6683-38be82ff88a1}.Debug|Any CPU.Build.0 = Debug|Any CPU
		{1d8068ec-0690-d48d-8ece-44fcd2d06b9e}.Debug|Any CPU.ActiveCfg = Debug|Any CPU
		{1d8068ec-0690-d48d-8ece-44fcd2d06b9e}.Debug|Any CPU.Build.0 = Debug|Any CPU
		{2f6d8264-c27b-59ff-a0f6-fab5764a9f91}.Debug|Any CPU.ActiveCfg = Debug|Any CPU
		{2f6d8264-c27b-59ff-a0f6-fab5764a9f91}.Debug|Any CPU.Build.0 = Debug|Any CPU
		{de6d4682-e881-702c-0a5c-e3455f321c1e}.Debug|Any CPU.ActiveCfg = Debug|Any CPU
		{de6d4682-e881-702c-0a5c-e3455f321c1e}.Debug|Any CPU.Build.0 = Debug|Any CPU
		{75a7919d-00ad-a6cd-cd3c-4632672200dc}.Debug|Any CPU.ActiveCfg = Debug|Any CPU
		{75a7919d-00ad-a6cd-cd3c-4632672200dc}.Debug|Any CPU.Build.0 = Debug|Any CPU
		{3e721c93-e1f6-e3e8-3089-75ea78737561}.Debug|Any CPU.ActiveCfg = Debug|Any CPU
		{3e721c93-e1f6-e3e8-3089-75ea78737561}.Debug|Any CPU.Build.0 = Debug|Any CPU
		{093b452d-688a-eac8-10f5-4c063dfd04c7}.Debug|Any CPU.ActiveCfg = Debug|Any CPU
		{093b452d-688a-eac8-10f5-4c063dfd04c7}.Debug|Any CPU.Build.0 = Debug|Any CPU
		{585ff49c-74fc-970d-25e9-a9433514a80e}.Debug|Any CPU.ActiveCfg = Debug|Any CPU
		{585ff49c-74fc-970d-25e9-a9433514a80e}.Debug|Any CPU.Build.0 = Debug|Any CPU
		{b261ca3a-72f1-078a-4c68-0b986ba86b29}.Debug|Any CPU.ActiveCfg = Debug|Any CPU
		{b261ca3a-72f1-078a-4c68-0b986ba86b29}.Debug|Any CPU.Build.0 = Debug|Any CPU
		{eb0aa588-67d8-430d-b759-c6bc227df3ef}.Debug|Any CPU.ActiveCfg = Debug|Any CPU
		{eb0aa588-67d8-430d-b759-c6bc227df3ef}.Debug|Any CPU.Build.0 = Debug|Any CPU
		{36974262-741b-c348-6caf-4c17ab86d03c}.Debug|Any CPU.ActiveCfg = Debug|Any CPU
		{36974262-741b-c348-6caf-4c17ab86d03c}.Debug|Any CPU.Build.0 = Debug|Any CPU
		{401081dd-e508-e6d2-71e8-81399cadec54}.Debug|Any CPU.ActiveCfg = Debug|Any CPU
		{401081dd-e508-e6d2-71e8-81399cadec54}.Debug|Any CPU.Build.0 = Debug|Any CPU
		{65893b3c-1a1c-b906-5618-70d9d016a3eb}.Debug|Any CPU.ActiveCfg = Debug|Any CPU
		{65893b3c-1a1c-b906-5618-70d9d016a3eb}.Debug|Any CPU.Build.0 = Debug|Any CPU
		{933e8ff3-877b-2cbe-6b1d-7cfc7bba7301}.Debug|Any CPU.ActiveCfg = Debug|Any CPU
		{933e8ff3-877b-2cbe-6b1d-7cfc7bba7301}.Debug|Any CPU.Build.0 = Debug|Any CPU
		{4d2de7d4-41fd-7433-b440-f0a40e628b12}.Debug|Any CPU.ActiveCfg = Debug|Any CPU
		{4d2de7d4-41fd-7433-b440-f0a40e628b12}.Debug|Any CPU.Build.0 = Debug|Any CPU
		{94276f28-e24b-c15e-7623-698ef24bc4d7}.Debug|Any CPU.ActiveCfg = Debug|Any CPU
		{94276f28-e24b-c15e-7623-698ef24bc4d7}.Debug|Any CPU.Build.0 = Debug|Any CPU
		{0061d9da-4a39-a026-a8e1-116e974fb29e}.Debug|Any CPU.ActiveCfg = Debug|Any CPU
		{0061d9da-4a39-a026-a8e1-116e974fb29e}.Debug|Any CPU.Build.0 = Debug|Any CPU
		{6f79a030-cf73-fa7c-7e5b-6a5493a475e4}.Debug|Any CPU.ActiveCfg = Debug|Any CPU
		{6f79a030-cf73-fa7c-7e5b-6a5493a475e4}.Debug|Any CPU.Build.0 = Debug|Any CPU
		{30e8db24-1c8b-ef14-8261-5e0bbc4ebd22}.Debug|Any CPU.ActiveCfg = Debug|Any CPU
		{30e8db24-1c8b-ef14-8261-5e0bbc4ebd22}.Debug|Any CPU.Build.0 = Debug|Any CPU
		{1d309018-6b38-31a9-3e03-7249091f5ca3}.Debug|Any CPU.ActiveCfg = Debug|Any CPU
		{1d309018-6b38-31a9-3e03-7249091f5ca3}.Debug|Any CPU.Build.0 = Debug|Any CPU
		{3eeb5c87-c06c-42fa-f40e-b057cff23d2e}.Debug|Any CPU.ActiveCfg = Debug|Any CPU
		{3eeb5c87-c06c-42fa-f40e-b057cff23d2e}.Debug|Any CPU.Build.0 = Debug|Any CPU
		{1b0e6c15-1274-fdb9-ead1-f3d37bfea05a}.Debug|Any CPU.ActiveCfg = Debug|Any CPU
		{1b0e6c15-1274-fdb9-ead1-f3d37bfea05a}.Debug|Any CPU.Build.0 = Debug|Any CPU
		{35adb04e-eba4-d43a-a294-9c9f07eb6e05}.Debug|Any CPU.ActiveCfg = Debug|Any CPU
		{35adb04e-eba4-d43a-a294-9c9f07eb6e05}.Debug|Any CPU.Build.0 = Debug|Any CPU
		{412bd132-0a7d-fba3-3e1b-a528d7c10aec}.Debug|Any CPU.ActiveCfg = Debug|Any CPU
		{412bd132-0a7d-fba3-3e1b-a528d7c10aec}.Debug|Any CPU.Build.0 = Debug|Any CPU
		{506d8afc-9a07-abbd-7f62-decc678a20c3}.Debug|Any CPU.ActiveCfg = Debug|Any CPU
		{506d8afc-9a07-abbd-7f62-decc678a20c3}.Debug|Any CPU.Build.0 = Debug|Any CPU
		{73d2061f-168b-6c3c-7567-93408e3ee9f0}.Debug|Any CPU.ActiveCfg = Debug|Any CPU
		{73d2061f-168b-6c3c-7567-93408e3ee9f0}.Debug|Any CPU.Build.0 = Debug|Any CPU
		{a9aea657-d41d-bd4d-e041-8a173b749247}.Debug|Any CPU.ActiveCfg = Debug|Any CPU
		{a9aea657-d41d-bd4d-e041-8a173b749247}.Debug|Any CPU.Build.0 = Debug|Any CPU
		{a53b8963-5762-f8ff-76ec-268feb85a10a}.Debug|Any CPU.ActiveCfg = Debug|Any CPU
		{a53b8963-5762-f8ff-76ec-268feb85a10a}.Debug|Any CPU.Build.0 = Debug|Any CPU
		{44592e88-ddec-b129-2498-ca38ab07bb39}.Debug|Any CPU.ActiveCfg = Debug|Any CPU
		{44592e88-ddec-b129-2498-ca38ab07bb39}.Debug|Any CPU.Build.0 = Debug|Any CPU
		{efbf339d-7ba6-1b78-9fc8-23ec82e7ba01}.Debug|Any CPU.ActiveCfg = Debug|Any CPU
		{efbf339d-7ba6-1b78-9fc8-23ec82e7ba01}.Debug|Any CPU.Build.0 = Debug|Any CPU
	EndGlobalSection
	GlobalSection(SolutionProperties) = preSolution
		HideSolutionNode = FALSE
	EndGlobalSection
EndGlobal
